
Microsoft Visual Studio Solution File, Format Version 12.00
# Visual Studio Version 16
VisualStudioVersion = 25.0.1700.0
MinimumVisualStudioVersion = 10.0.40219.1
Project("{FAE04EC0-301F-11D3-BF4B-00C04F79EFBC}") = "MachineACafe", "MachineACafe\MachineACafe.csproj", "{3E5EB5B0-AD48-41F9-9110-A3F2F6BF735D}"
EndProject
Project("{FAE04EC0-301F-11D3-BF4B-00C04F79EFBC}") = "MachineACafe.Test", "MachineACafe.Test\MachineACafe.Test.csproj", "{79E3DF78-D009-4268-8F80-BFFE5150D9E4}"
EndProject
Global
	GlobalSection(SolutionConfigurationPlatforms) = preSolution
		Debug|Any CPU = Debug|Any CPU
		Release|Any CPU = Release|Any CPU
	EndGlobalSection
	GlobalSection(ProjectConfigurationPlatforms) = postSolution
		{3E5EB5B0-AD48-41F9-9110-A3F2F6BF735D}.Debug|Any CPU.ActiveCfg = Debug|Any CPU
		{3E5EB5B0-AD48-41F9-9110-A3F2F6BF735D}.Debug|Any CPU.Build.0 = Debug|Any CPU
		{3E5EB5B0-AD48-41F9-9110-A3F2F6BF735D}.Release|Any CPU.ActiveCfg = Release|Any CPU
		{3E5EB5B0-AD48-41F9-9110-A3F2F6BF735D}.Release|Any CPU.Build.0 = Release|Any CPU
		{79E3DF78-D009-4268-8F80-BFFE5150D9E4}.Debug|Any CPU.ActiveCfg = Debug|Any CPU
		{79E3DF78-D009-4268-8F80-BFFE5150D9E4}.Debug|Any CPU.Build.0 = Debug|Any CPU
		{79E3DF78-D009-4268-8F80-BFFE5150D9E4}.Release|Any CPU.ActiveCfg = Release|Any CPU
		{79E3DF78-D009-4268-8F80-BFFE5150D9E4}.Release|Any CPU.Build.0 = Release|Any CPU
	EndGlobalSection
	GlobalSection(SolutionProperties) = preSolution
		HideSolutionNode = FALSE
	EndGlobalSection
	GlobalSection(ExtensibilityGlobals) = postSolution
		SolutionGuid = {4798A646-18A0-4E91-8257-49B7E8E28892}
	EndGlobalSection
EndGlobal
